
Microsoft Visual Studio Solution File, Format Version 12.00
# Visual Studio Version 16
VisualStudioVersion = 16.0.31729.503
MinimumVisualStudioVersion = 10.0.40219.1
Project("{FAE04EC0-301F-11D3-BF4B-00C04F79EFBC}") = "Rekurencja", "Rekurencja.csproj", "{21C0B543-5A24-4A96-BADC-F73DB1FF8276}"
EndProject
Global
	GlobalSection(SolutionConfigurationPlatforms) = preSolution
		Debug|Any CPU = Debug|Any CPU
		Release|Any CPU = Release|Any CPU
	EndGlobalSection
	GlobalSection(ProjectConfigurationPlatforms) = postSolution
		{21C0B543-5A24-4A96-BADC-F73DB1FF8276}.Debug|Any CPU.ActiveCfg = Debug|Any CPU
		{21C0B543-5A24-4A96-BADC-F73DB1FF8276}.Debug|Any CPU.Build.0 = Debug|Any CPU
		{21C0B543-5A24-4A96-BADC-F73DB1FF8276}.Release|Any CPU.ActiveCfg = Release|Any CPU
		{21C0B543-5A24-4A96-BADC-F73DB1FF8276}.Release|Any CPU.Build.0 = Release|Any CPU
	EndGlobalSection
	GlobalSection(SolutionProperties) = preSolution
		HideSolutionNode = FALSE
	EndGlobalSection
	GlobalSection(ExtensibilityGlobals) = postSolution
		SolutionGuid = {929DB165-ABA8-4C80-BDA9-7F9A50169F8D}
	EndGlobalSection
EndGlobal
